
Microsoft Visual Studio Solution File, Format Version 12.00
# Visual Studio Version 16
VisualStudioVersion = 16.0.30114.105
MinimumVisualStudioVersion = 10.0.40219.1
Project("{9A19103F-16F7-4668-BE54-9A1E7A4F7556}") = "P2PMod", "P2PMod.csproj", "{668AC34D-8A2C-48B1-B693-EE1BABD8ED63}"
EndProject
Global
	GlobalSection(SolutionConfigurationPlatforms) = preSolution
		Debug|Any CPU = Debug|Any CPU
		Release|Any CPU = Release|Any CPU
	EndGlobalSection
	GlobalSection(ProjectConfigurationPlatforms) = postSolution
		{668AC34D-8A2C-48B1-B693-EE1BABD8ED63}.Debug|Any CPU.ActiveCfg = Debug|Any CPU
		{668AC34D-8A2C-48B1-B693-EE1BABD8ED63}.Debug|Any CPU.Build.0 = Debug|Any CPU
		{668AC34D-8A2C-48B1-B693-EE1BABD8ED63}.Release|Any CPU.ActiveCfg = Release|Any CPU
		{668AC34D-8A2C-48B1-B693-EE1BABD8ED63}.Release|Any CPU.Build.0 = Release|Any CPU
	EndGlobalSection
	GlobalSection(SolutionProperties) = preSolution
		HideSolutionNode = FALSE
	EndGlobalSection
	GlobalSection(ExtensibilityGlobals) = postSolution
		SolutionGuid = {23D26F11-4E93-4C68-924A-C002ACD59E43}
	EndGlobalSection
EndGlobal
